{
  "originHash" : "8ff74e1a7273e5125e9fbcae71976e18f9c9747892a5e9b24635c8c1ee10689d",
  "pins" : [
    {
      "identity" : "facebook-ios-sdk",
      "kind" : "remoteSourceControl",
      "location" : "https://github.com/facebook/facebook-ios-sdk",
      "state" : {
        "revision" : "c19607d535864533523d1f437c84035e5fb101cf",
        "version" : "14.1.0"
      }
    },
    {
      "identity" : "routing",
      "kind" : "remoteSourceControl",
      "location" : "https://github.com/obvios/Routing.git",
      "state" : {
        "branch" : "main",
        "revision" : "f5d8695ef977739606c1468e48403de0d28be1ff"
      }
    },
    {
      "identity" : "screenshield",
      "kind" : "remoteSourceControl",
      "location" : "https://github.com/JayantBadlani/ScreenShield",
      "state" : {
        "revision" : "9586e6a305426398250e0bdc19cbd463437f1af1",
        "version" : "1.2.2"
      }
    },
    {
      "identity" : "swiftfulrecursiveui",
      "kind" : "remoteSourceControl",
      "location" : "https://github.com/SwiftfulThinking/SwiftfulRecursiveUI.git",
      "state" : {
        "revision" : "3d2d5ac6efe70874fb5ffb2f8e1d5ccd457f4366",
        "version" : "1.0.2"
      }
    },
    {
      "identity" : "swiftfulrouting",
      "kind" : "remoteSourceControl",
      "location" : "https://github.com/SwiftfulThinking/SwiftfulRouting.git",
      "state" : {
        "revision" : "f169d9a96741a3ec520d21d7da3cae06d7590700",
        "version" : "6.1.8"
      }
    }
  ],
  "version" : 3
}
